Microsoft Visual Studio Solution File, Format Version 12.00
# Visual Studio 2012
Project("{FAE04EC0-301F-11D3-BF4B-00C04F79EFBC}") = "Pits of Despair", "Pits of Despair.csproj", "{172759B2-A756-4FF5-A0A0-D8DF3B65C61B}"
EndProject
Global
	GlobalSection(SolutionConfigurationPlatforms) = preSolution
	Debug|Any CPU = Debug|Any CPU
	ExportDebug|Any CPU = ExportDebug|Any CPU
	ExportRelease|Any CPU = ExportRelease|Any CPU
	EndGlobalSection
	GlobalSection(ProjectConfigurationPlatforms) = postSolution
		{172759B2-A756-4FF5-A0A0-D8DF3B65C61B}.Debug|Any CPU.ActiveCfg = Debug|Any CPU
		{172759B2-A756-4FF5-A0A0-D8DF3B65C61B}.Debug|Any CPU.Build.0 = Debug|Any CPU
		{172759B2-A756-4FF5-A0A0-D8DF3B65C61B}.ExportDebug|Any CPU.ActiveCfg = ExportDebug|Any CPU
		{172759B2-A756-4FF5-A0A0-D8DF3B65C61B}.ExportDebug|Any CPU.Build.0 = ExportDebug|Any CPU
		{172759B2-A756-4FF5-A0A0-D8DF3B65C61B}.ExportRelease|Any CPU.ActiveCfg = ExportRelease|Any CPU
		{172759B2-A756-4FF5-A0A0-D8DF3B65C61B}.ExportRelease|Any CPU.Build.0 = ExportRelease|Any CPU
	EndGlobalSection
EndGlobal
